# Catalog index pinned for the cluster-free E2E job. Renovate bumps the digest.
# Why, and how to use it locally: "Which index CI uses" in
# docs/e2e-tests/local-e2e-harness.md.
#
# Exactly one uncommented line, `<image>:<tag>@sha256:<digest>`, preceded by the
# annotation below. The tag must match the one the resolver derives for this branch.
#
# renovate: datasource=docker depName=quay.io/rhdh/plugin-catalog-index
quay.io/rhdh/plugin-catalog-index:next@sha256:8cb76f427d3a2cb111090c6dcee627360a8834ca3c909e39b547cfc97b6a65cb
